
Microsoft Visual Studio Solution File, Format Version 12.00
# Visual Studio 14
VisualStudioVersion = 14.0.25123.0
MinimumVisualStudioVersion = 10.0.40219.1
Project("{FAE04EC0-301F-11D3-BF4B-00C04F79EFBC}") = "BandCentral", "BandCentral\BandCentral.csproj", "{372AACBE-47D3-49F7-BD76-29C427460E1D}"
EndProject
Project("{FAE04EC0-301F-11D3-BF4B-00C04F79EFBC}") = "BandCentral.Tests", "BandCentral.Tests\BandCentral.Tests.csproj", "{FDE0D462-F20C-4C19-A698-223DE8079156}"
EndProject
Global
	GlobalSection(SolutionConfigurationPlatforms) = preSolution
		Debug|Any CPU = Debug|Any CPU
		Release|Any CPU = Release|Any CPU
	EndGlobalSection
	GlobalSection(ProjectConfigurationPlatforms) = postSolution
		{372AACBE-47D3-49F7-BD76-29C427460E1D}.Debug|Any CPU.ActiveCfg = Debug|Any CPU
		{372AACBE-47D3-49F7-BD76-29C427460E1D}.Debug|Any CPU.Build.0 = Debug|Any CPU
		{372AACBE-47D3-49F7-BD76-29C427460E1D}.Release|Any CPU.ActiveCfg = Release|Any CPU
		{372AACBE-47D3-49F7-BD76-29C427460E1D}.Release|Any CPU.Build.0 = Release|Any CPU
		{FDE0D462-F20C-4C19-A698-223DE8079156}.Debug|Any CPU.ActiveCfg = Debug|Any CPU
		{FDE0D462-F20C-4C19-A698-223DE8079156}.Debug|Any CPU.Build.0 = Debug|Any CPU
		{FDE0D462-F20C-4C19-A698-223DE8079156}.Release|Any CPU.ActiveCfg = Release|Any CPU
		{FDE0D462-F20C-4C19-A698-223DE8079156}.Release|Any CPU.Build.0 = Release|Any CPU
	EndGlobalSection
	GlobalSection(SolutionProperties) = preSolution
		HideSolutionNode = FALSE
	EndGlobalSection
EndGlobal
